
Microsoft Visual Studio Solution File, Format Version 12.00
# Visual Studio Version 17
VisualStudioVersion = 17.4.33205.214
MinimumVisualStudioVersion = 10.0.40219.1
Project("{FAE04EC0-301F-11D3-BF4B-00C04F79EFBC}") = "LugaresTurísticos.Android", "LugaresTurísticos\LugaresTurísticos.Android\LugaresTurísticos.Android.csproj", "{4FDABC03-9C0A-4BC3-8222-9871B8D16D61}"
EndProject
Project("{FAE04EC0-301F-11D3-BF4B-00C04F79EFBC}") = "LugaresTurísticos", "LugaresTurísticos\LugaresTurísticos\LugaresTurísticos.csproj", "{50BD3A60-247B-442E-9272-18DB56A055CA}"
EndProject
Global
	GlobalSection(SolutionConfigurationPlatforms) = preSolution
		Debug|Any CPU = Debug|Any CPU
		Release|Any CPU = Release|Any CPU
	EndGlobalSection
	GlobalSection(ProjectConfigurationPlatforms) = postSolution
		{4FDABC03-9C0A-4BC3-8222-9871B8D16D61}.Debug|Any CPU.ActiveCfg = Debug|Any CPU
		{4FDABC03-9C0A-4BC3-8222-9871B8D16D61}.Debug|Any CPU.Build.0 = Debug|Any CPU
		{4FDABC03-9C0A-4BC3-8222-9871B8D16D61}.Debug|Any CPU.Deploy.0 = Debug|Any CPU
		{4FDABC03-9C0A-4BC3-8222-9871B8D16D61}.Release|Any CPU.ActiveCfg = Release|Any CPU
		{4FDABC03-9C0A-4BC3-8222-9871B8D16D61}.Release|Any CPU.Build.0 = Release|Any CPU
		{4FDABC03-9C0A-4BC3-8222-9871B8D16D61}.Release|Any CPU.Deploy.0 = Release|Any CPU
		{50BD3A60-247B-442E-9272-18DB56A055CA}.Debug|Any CPU.ActiveCfg = Debug|Any CPU
		{50BD3A60-247B-442E-9272-18DB56A055CA}.Debug|Any CPU.Build.0 = Debug|Any CPU
		{50BD3A60-247B-442E-9272-18DB56A055CA}.Debug|Any CPU.Deploy.0 = Debug|Any CPU
		{50BD3A60-247B-442E-9272-18DB56A055CA}.Release|Any CPU.ActiveCfg = Release|Any CPU
		{50BD3A60-247B-442E-9272-18DB56A055CA}.Release|Any CPU.Build.0 = Release|Any CPU
		{50BD3A60-247B-442E-9272-18DB56A055CA}.Release|Any CPU.Deploy.0 = Release|Any CPU
	EndGlobalSection
	GlobalSection(SolutionProperties) = preSolution
		HideSolutionNode = FALSE
	EndGlobalSection
	GlobalSection(ExtensibilityGlobals) = postSolution
		SolutionGuid = {5EF67807-9FDA-48F9-9A41-64732F761AB2}
	EndGlobalSection
EndGlobal
